
Microsoft Visual Studio Solution File, Format Version 12.00
# Visual Studio 2012
Project("{8BC9CEB8-8B4A-11D0-8D11-00A0C91BC942}") = "Assignment 9 - Payroll Modification", "Assignment 9 - Payroll Modification\Assignment 9 - Payroll Modification.vcxproj", "{0D8DEA84-5827-433F-9F56-857E434C5307}"
EndProject
Global
	GlobalSection(SolutionConfigurationPlatforms) = preSolution
		Debug|Win32 = Debug|Win32
		Release|Win32 = Release|Win32
	EndGlobalSection
	GlobalSection(ProjectConfigurationPlatforms) = postSolution
		{0D8DEA84-5827-433F-9F56-857E434C5307}.Debug|Win32.ActiveCfg = Debug|Win32
		{0D8DEA84-5827-433F-9F56-857E434C5307}.Debug|Win32.Build.0 = Debug|Win32
		{0D8DEA84-5827-433F-9F56-857E434C5307}.Release|Win32.ActiveCfg = Release|Win32
		{0D8DEA84-5827-433F-9F56-857E434C5307}.Release|Win32.Build.0 = Release|Win32
	EndGlobalSection
	GlobalSection(SolutionProperties) = preSolution
		HideSolutionNode = FALSE
	EndGlobalSection
EndGlobal
